
Microsoft Visual Studio Solution File, Format Version 12.00
# Visual Studio Version 16
VisualStudioVersion = 16.0.30907.101
MinimumVisualStudioVersion = 10.0.40219.1
Project("{FAE04EC0-301F-11D3-BF4B-00C04F79EFBC}") = "dz30.01.2021", "dz30.01.2021\dz30.01.2021.csproj", "{602D76C0-90D0-4F4E-9EB3-EA0F1EEE837A}"
EndProject
Global
	GlobalSection(SolutionConfigurationPlatforms) = preSolution
		Debug|Any CPU = Debug|Any CPU
		Release|Any CPU = Release|Any CPU
	EndGlobalSection
	GlobalSection(ProjectConfigurationPlatforms) = postSolution
		{602D76C0-90D0-4F4E-9EB3-EA0F1EEE837A}.Debug|Any CPU.ActiveCfg = Debug|Any CPU
		{602D76C0-90D0-4F4E-9EB3-EA0F1EEE837A}.Debug|Any CPU.Build.0 = Debug|Any CPU
		{602D76C0-90D0-4F4E-9EB3-EA0F1EEE837A}.Release|Any CPU.ActiveCfg = Release|Any CPU
		{602D76C0-90D0-4F4E-9EB3-EA0F1EEE837A}.Release|Any CPU.Build.0 = Release|Any CPU
	EndGlobalSection
	GlobalSection(SolutionProperties) = preSolution
		HideSolutionNode = FALSE
	EndGlobalSection
	GlobalSection(ExtensibilityGlobals) = postSolution
		SolutionGuid = {BC82742B-4E2B-4DE5-8CF6-5203CAAA5C9A}
	EndGlobalSection
EndGlobal
